// !$*UTF8*$!
{
	archiveVersion = 1;
	classes = {
	};
	objectVersion = 51;
	objects = {

/* Begin PBXBuildFile section */
		625A05EBCED7B2860C97F011 /* Pods_albumapp.framework in Frameworks */ = {isa = PBXBuildFile; fileRef = 9031B046218E5C66303061FD /* Pods_albumapp.framework */; };
		88004CB2253FE5E300E0E54D /* PhotosViewController.swift in Sources */ = {isa = PBXBuildFile; fileRef = 88004CB1253FE5E300E0E54D /* PhotosViewController.swift */; };
		882614CB253F0AF3005EE460 /* AppDelegate.swift in Sources */ = {isa = PBXBuildFile; fileRef = 882614CA253F0AF3005EE460 /* AppDelegate.swift */; };
		882614CD253F0AF3005EE460 /* SceneDelegate.swift in Sources */ = {isa = PBXBuildFile; fileRef = 882614CC253F0AF3005EE460 /* SceneDelegate.swift */; };
		882614D2253F0AF3005EE460 /* Main.storyboard in Resources */ = {isa = PBXBuildFile; fileRef = 882614D0253F0AF3005EE460 /* Main.storyboard */; };
		882614D4253F0AF4005EE460 /* Assets.xcassets in Resources */ = {isa = PBXBuildFile; fileRef = 882614D3253F0AF4005EE460 /* Assets.xcassets */; };
		882614D7253F0AF4005EE460 /* LaunchScreen.storyboard in Resources */ = {isa = PBXBuildFile; fileRef = 882614D5253F0AF4005EE460 /* LaunchScreen.storyboard */; };
		882614E2253F0AF4005EE460 /* albumappTests.swift in Sources */ = {isa = PBXBuildFile; fileRef = 882614E1253F0AF4005EE460 /* albumappTests.swift */; };
		882614ED253F0AF4005EE460 /* albumappUITests.swift in Sources */ = {isa = PBXBuildFile; fileRef = 882614EC253F0AF4005EE460 /* albumappUITests.swift */; };
		88261501253F0FAE005EE460 /* CollectionViewController.swift in Sources */ = {isa = PBXBuildFile; fileRef = 88261500253F0FAE005EE460 /* CollectionViewController.swift */; };
		8832B897255B4000004D3173 /* ScrollCollection.swift in Sources */ = {isa = PBXBuildFile; fileRef = 8832B896255B4000004D3173 /* ScrollCollection.swift */; };
		88A3B1CF256AED1D00DFB746 /* UnsplashPhotoPickerViewController.swift in Sources */ = {isa = PBXBuildFile; fileRef = 88A3B1CE256AED1D00DFB746 /* UnsplashPhotoPickerViewController.swift */; };
		88A3B1D4256B00BC00DFB746 /* MenuTableViewController.swift in Sources */ = {isa = PBXBuildFile; fileRef = 88A3B1D3256B00BC00DFB746 /* MenuTableViewController.swift */; };
		88AACF7D2570501F00B564D8 /* DataManaging.swift in Sources */ = {isa = PBXBuildFile; fileRef = 88AACF7C2570501F00B564D8 /* DataManaging.swift */; };
		88AACF8525705A9600B564D8 /* UserData.swift in Sources */ = {isa = PBXBuildFile; fileRef = 88AACF8425705A9600B564D8 /* UserData.swift */; };
		88AACF9225705C0C00B564D8 /* DataModel.swift in Sources */ = {isa = PBXBuildFile; fileRef = 88AACF9125705C0C00B564D8 /* DataModel.swift */; };
/* End PBXBuildFile section */

/* Begin PBXContainerItemProxy section */
		882614DE253F0AF4005EE460 /* PBXContainerItemProxy */ = {
			isa = PBXContainerItemProxy;
			containerPortal = 882614BF253F0AF3005EE460 /* Project object */;
			proxyType = 1;
			remoteGlobalIDString = 882614C6253F0AF3005EE460;
			remoteInfo = albumapp;
		};
		882614E9253F0AF4005EE460 /* PBXContainerItemProxy */ = {
			isa = PBXContainerItemProxy;
			containerPortal = 882614BF253F0AF3005EE460 /* Project object */;
			proxyType = 1;
			remoteGlobalIDString = 882614C6253F0AF3005EE460;
			remoteInfo = albumapp;
		};
/* End PBXContainerItemProxy section */

/* Begin PBXFileReference section */
		3E701C62C9376FF5A2E4C618 /* Pods-albumapp.debug.xcconfig */ = {isa = PBXFileReference; includeInIndex = 1; lastKnownFileType = text.xcconfig; name = "Pods-albumapp.debug.xcconfig"; path = "Target Support Files/Pods-albumapp/Pods-albumapp.debug.xcconfig"; sourceTree = "<group>"; };
		88004CB1253FE5E300E0E54D /* PhotosViewController.swift */ = {isa = PBXFileReference; lastKnownFileType = sourcecode.swift; path = PhotosViewController.swift; sourceTree = "<group>"; };
		882614C7253F0AF3005EE460 /* albumapp.app */ = {isa = PBXFileReference; explicitFileType = wrapper.application; includeInIndex = 0; path = albumapp.app; sourceTree = BUILT_PRODUCTS_DIR; };
		882614CA253F0AF3005EE460 /* AppDelegate.swift */ = {isa = PBXFileReference; lastKnownFileType = sourcecode.swift; path = AppDelegate.swift; sourceTree = "<group>"; };
		882614CC253F0AF3005EE460 /* SceneDelegate.swift */ = {isa = PBXFileReference; lastKnownFileType = sourcecode.swift; path = SceneDelegate.swift; sourceTree = "<group>"; };
		882614D1253F0AF3005EE460 /* Base */ = {isa = PBXFileReference; lastKnownFileType = file.storyboard; name = Base; path = Base.lproj/Main.storyboard; sourceTree = "<group>"; };
		882614D3253F0AF4005EE460 /* Assets.xcassets */ = {isa = PBXFileReference; lastKnownFileType = folder.assetcatalog; path = Assets.xcassets; sourceTree = "<group>"; };
		882614D6253F0AF4005EE460 /* Base */ = {isa = PBXFileReference; lastKnownFileType = file.storyboard; name = Base; path = Base.lproj/LaunchScreen.storyboard; sourceTree = "<group>"; };
		882614D8253F0AF4005EE460 /* Info.plist */ = {isa = PBXFileReference; lastKnownFileType = text.plist.xml; path = Info.plist; sourceTree = "<group>"; };
		882614DD253F0AF4005EE460 /* albumappTests.xctest */ = {isa = PBXFileReference; explicitFileType = wrapper.cfbundle; includeInIndex = 0; path = albumappTests.xctest; sourceTree = BUILT_PRODUCTS_DIR; };
		882614E1253F0AF4005EE460 /* albumappTests.swift */ = {isa = PBXFileReference; lastKnownFileType = sourcecode.swift; path = albumappTests.swift; sourceTree = "<group>"; };
		882614E3253F0AF4005EE460 /* Info.plist */ = {isa = PBXFileReference; lastKnownFileType = text.plist.xml; path = Info.plist; sourceTree = "<group>"; };
		882614E8253F0AF4005EE460 /* albumappUITests.xctest */ = {isa = PBXFileReference; explicitFileType = wrapper.cfbundle; includeInIndex = 0; path = albumappUITests.xctest; sourceTree = BUILT_PRODUCTS_DIR; };
		882614EC253F0AF4005EE460 /* albumappUITests.swift */ = {isa = PBXFileReference; lastKnownFileType = sourcecode.swift; path = albumappUITests.swift; sourceTree = "<group>"; };
		882614EE253F0AF4005EE460 /* Info.plist */ = {isa = PBXFileReference; lastKnownFileType = text.plist.xml; path = Info.plist; sourceTree = "<group>"; };
		88261500253F0FAE005EE460 /* CollectionViewController.swift */ = {isa = PBXFileReference; lastKnownFileType = sourcecode.swift; path = CollectionViewController.swift; sourceTree = "<group>"; };
		8832B896255B4000004D3173 /* ScrollCollection.swift */ = {isa = PBXFileReference; lastKnownFileType = sourcecode.swift; path = ScrollCollection.swift; sourceTree = "<group>"; };
		88A3B1CE256AED1D00DFB746 /* UnsplashPhotoPickerViewController.swift */ = {isa = PBXFileReference; lastKnownFileType = sourcecode.swift; path = UnsplashPhotoPickerViewController.swift; sourceTree = "<group>"; };
		88A3B1D3256B00BC00DFB746 /* MenuTableViewController.swift */ = {isa = PBXFileReference; lastKnownFileType = sourcecode.swift; path = MenuTableViewController.swift; sourceTree = "<group>"; };
		88AACF7C2570501F00B564D8 /* DataManaging.swift */ = {isa = PBXFileReference; lastKnownFileType = sourcecode.swift; path = DataManaging.swift; sourceTree = "<group>"; };
		88AACF8425705A9600B564D8 /* UserData.swift */ = {isa = PBXFileReference; lastKnownFileType = sourcecode.swift; path = UserData.swift; sourceTree = "<group>"; };
		88AACF9125705C0C00B564D8 /* DataModel.swift */ = {isa = PBXFileReference; lastKnownFileType = sourcecode.swift; path = DataModel.swift; sourceTree = "<group>"; };
		8CAD761DF636BB754A0AD92B /* Pods-albumapp.release.xcconfig */ = {isa = PBXFileReference; includeInIndex = 1; lastKnownFileType = text.xcconfig; name = "Pods-albumapp.release.xcconfig"; path = "Target Support Files/Pods-albumapp/Pods-albumapp.release.xcconfig"; sourceTree = "<group>"; };
		9031B046218E5C66303061FD /* Pods_albumapp.framework */ = {isa = PBXFileReference; explicitFileType = wrapper.framework; includeInIndex = 0; path = Pods_albumapp.framework; sourceTree = BUILT_PRODUCTS_DIR; };
/* End PBXFileReference section */

/* Begin PBXFrameworksBuildPhase section */
		882614C4253F0AF3005EE460 /* Frameworks */ = {
			isa = PBXFrameworksBuildPhase;
			buildActionMask = 2147483647;
			files = (
				625A05EBCED7B2860C97F011 /* Pods_albumapp.framework in Frameworks */,
			);
			runOnlyForDeploymentPostprocessing = 0;
		};
		882614DA253F0AF4005EE460 /* Frameworks */ = {
			isa = PBXFrameworksBuildPhase;
			buildActionMask = 2147483647;
			files = (
			);
			runOnlyForDeploymentPostprocessing = 0;
		};
		882614E5253F0AF4005EE460 /* Frameworks */ = {
			isa = PBXFrameworksBuildPhase;
			buildActionMask = 2147483647;
			files = (
			);
			runOnlyForDeploymentPostprocessing = 0;
		};
/* End PBXFrameworksBuildPhase section */

/* Begin PBXGroup section */
		1133AE4021457EF61B0514F7 /* Pods */ = {
			isa = PBXGroup;
			children = (
				3E701C62C9376FF5A2E4C618 /* Pods-albumapp.debug.xcconfig */,
				8CAD761DF636BB754A0AD92B /* Pods-albumapp.release.xcconfig */,
			);
			path = Pods;
			sourceTree = "<group>";
		};
		882614BE253F0AF3005EE460 = {
			isa = PBXGroup;
			children = (
				882614C9253F0AF3005EE460 /* albumapp */,
				882614E0253F0AF4005EE460 /* albumappTests */,
				882614EB253F0AF4005EE460 /* albumappUITests */,
				882614C8253F0AF3005EE460 /* Products */,
				1133AE4021457EF61B0514F7 /* Pods */,
				95D0EA078F294F8B24EDE7AC /* Frameworks */,
			);
			sourceTree = "<group>";
		};
		882614C8253F0AF3005EE460 /* Products */ = {
			isa = PBXGroup;
			children = (
				882614C7253F0AF3005EE460 /* albumapp.app */,
				882614DD253F0AF4005EE460 /* albumappTests.xctest */,
				882614E8253F0AF4005EE460 /* albumappUITests.xctest */,
			);
			name = Products;
			sourceTree = "<group>";
		};
		882614C9253F0AF3005EE460 /* albumapp */ = {
			isa = PBXGroup;
			children = (
				882614CA253F0AF3005EE460 /* AppDelegate.swift */,
				882614CC253F0AF3005EE460 /* SceneDelegate.swift */,
				886C942C255F799700049C6F /* Model */,
				886C942D255F79B100049C6F /* View */,
				886C942E255F79CF00049C6F /* Controllers */,
				882614D3253F0AF4005EE460 /* Assets.xcassets */,
				882614D8253F0AF4005EE460 /* Info.plist */,
			);
			path = albumapp;
			sourceTree = "<group>";
		};
		882614E0253F0AF4005EE460 /* albumappTests */ = {
			isa = PBXGroup;
			children = (
				882614E1253F0AF4005EE460 /* albumappTests.swift */,
				882614E3253F0AF4005EE460 /* Info.plist */,
			);
			path = albumappTests;
			sourceTree = "<group>";
		};
		882614EB253F0AF4005EE460 /* albumappUITests */ = {
			isa = PBXGroup;
			children = (
				882614EC253F0AF4005EE460 /* albumappUITests.swift */,
				882614EE253F0AF4005EE460 /* Info.plist */,
			);
			path = albumappUITests;
			sourceTree = "<group>";
		};
		886C942C255F799700049C6F /* Model */ = {
			isa = PBXGroup;
			children = (
				88AACF7C2570501F00B564D8 /* DataManaging.swift */,
				88AACF8425705A9600B564D8 /* UserData.swift */,
				88AACF9125705C0C00B564D8 /* DataModel.swift */,
			);
			path = Model;
			sourceTree = "<group>";
		};
		886C942D255F79B100049C6F /* View */ = {
			isa = PBXGroup;
			children = (
				882614D0253F0AF3005EE460 /* Main.storyboard */,
				882614D5253F0AF4005EE460 /* LaunchScreen.storyboard */,
			);
			path = View;
			sourceTree = "<group>";
		};
		886C942E255F79CF00049C6F /* Controllers */ = {
			isa = PBXGroup;
			children = (
				88004CB1253FE5E300E0E54D /* PhotosViewController.swift */,
				8832B896255B4000004D3173 /* ScrollCollection.swift */,
				88261500253F0FAE005EE460 /* CollectionViewController.swift */,
				88A3B1CE256AED1D00DFB746 /* UnsplashPhotoPickerViewController.swift */,
				88A3B1D3256B00BC00DFB746 /* MenuTableViewController.swift */,
			);
			path = Controllers;
			sourceTree = "<group>";
		};
		95D0EA078F294F8B24EDE7AC /* Frameworks */ = {
			isa = PBXGroup;
			children = (
				9031B046218E5C66303061FD /* Pods_albumapp.framework */,
			);
			name = Frameworks;
			sourceTree = "<group>";
		};
/* End PBXGroup section */

/* Begin PBXNativeTarget section */
		882614C6253F0AF3005EE460 /* albumapp */ = {
			isa = PBXNativeTarget;
			buildConfigurationList = 882614F1253F0AF4005EE460 /* Build configuration list for PBXNativeTarget "albumapp" */;
			buildPhases = (
				4564E4D2875243BCFE9FFEAE /* [CP] Check Pods Manifest.lock */,
				882614C3253F0AF3005EE460 /* Sources */,
				882614C4253F0AF3005EE460 /* Frameworks */,
				882614C5253F0AF3005EE460 /* Resources */,
				453396CCFAEB5A4740CC9D26 /* [CP] Embed Pods Frameworks */,
			);
			buildRules = (
			);
			dependencies = (
			);
			name = albumapp;
			productName = albumapp;
			productReference = 882614C7253F0AF3005EE460 /* albumapp.app */;
			productType = "com.apple.product-type.application";
		};
		882614DC253F0AF4005EE460 /* albumappTests */ = {
			isa = PBXNativeTarget;
			buildConfigurationList = 882614F4253F0AF4005EE460 /* Build configuration list for PBXNativeTarget "albumappTests" */;
			buildPhases = (
				882614D9253F0AF4005EE460 /* Sources */,
				882614DA253F0AF4005EE460 /* Frameworks */,
				882614DB253F0AF4005EE460 /* Resources */,
			);
			buildRules = (
			);
			dependencies = (
				882614DF253F0AF4005EE460 /* PBXTargetDependency */,
			);
			name = albumappTests;
			productName = albumappTests;
			productReference = 882614DD253F0AF4005EE460 /* albumappTests.xctest */;
			productType = "com.apple.product-type.bundle.unit-test";
		};
		882614E7253F0AF4005EE460 /* albumappUITests */ = {
			isa = PBXNativeTarget;
			buildConfigurationList = 882614F7253F0AF4005EE460 /* Build configuration list for PBXNativeTarget "albumappUITests" */;
			buildPhases = (
				882614E4253F0AF4005EE460 /* Sources */,
				882614E5253F0AF4005EE460 /* Frameworks */,
				882614E6253F0AF4005EE460 /* Resources */,
			);
			buildRules = (
			);
			dependencies = (
				882614EA253F0AF4005EE460 /* PBXTargetDependency */,
			);
			name = albumappUITests;
			productName = albumappUITests;
			productReference = 882614E8253F0AF4005EE460 /* albumappUITests.xctest */;
			productType = "com.apple.product-type.bundle.ui-testing";
		};
/* End PBXNativeTarget section */

/* Begin PBXProject section */
		882614BF253F0AF3005EE460 /* Project object */ = {
			isa = PBXProject;
			attributes = {
				LastSwiftUpdateCheck = 1200;
				LastUpgradeCheck = 1200;
				TargetAttributes = {
					882614C6253F0AF3005EE460 = {
						CreatedOnToolsVersion = 12.0.1;
					};
					882614DC253F0AF4005EE460 = {
						CreatedOnToolsVersion = 12.0.1;
						TestTargetID = 882614C6253F0AF3005EE460;
					};
					882614E7253F0AF4005EE460 = {
						CreatedOnToolsVersion = 12.0.1;
						TestTargetID = 882614C6253F0AF3005EE460;
					};
				};
			};
			buildConfigurationList = 882614C2253F0AF3005EE460 /* Build configuration list for PBXProject "albumapp" */;
			compatibilityVersion = "Xcode 9.3";
			developmentRegion = en;
			hasScannedForEncodings = 0;
			knownRegions = (
				en,
				Base,
			);
			mainGroup = 882614BE253F0AF3005EE460;
			productRefGroup = 882614C8253F0AF3005EE460 /* Products */;
			projectDirPath = "";
			projectRoot = "";
			targets = (
				882614C6253F0AF3005EE460 /* albumapp */,
				882614DC253F0AF4005EE460 /* albumappTests */,
				882614E7253F0AF4005EE460 /* albumappUITests */,
			);
		};
/* End PBXProject section */

/* Begin PBXResourcesBuildPhase section */
		882614C5253F0AF3005EE460 /* Resources */ = {
			isa = PBXResourcesBuildPhase;
			buildActionMask = 2147483647;
			files = (
				882614D7253F0AF4005EE460 /* LaunchScreen.storyboard in Resources */,
				882614D4253F0AF4005EE460 /* Assets.xcassets in Resources */,
				882614D2253F0AF3005EE460 /* Main.storyboard in Resources */,
			);
			runOnlyForDeploymentPostprocessing = 0;
		};
		882614DB253F0AF4005EE460 /* Resources */ = {
			isa = PBXResourcesBuildPhase;
			buildActionMask = 2147483647;
			files = (
			);
			runOnlyForDeploymentPostprocessing = 0;
		};
		882614E6253F0AF4005EE460 /* Resources */ = {
			isa = PBXResourcesBuildPhase;
			buildActionMask = 2147483647;
			files = (
			);
			runOnlyForDeploymentPostprocessing = 0;
		};
/* End PBXResourcesBuildPhase section */

/* Begin PBXShellScriptBuildPhase section */
		453396CCFAEB5A4740CC9D26 /* [CP] Embed Pods Frameworks */ = {
			isa = PBXShellScriptBuildPhase;
			buildActionMask = 2147483647;
			files = (
			);
			inputFileListPaths = (
				"${PODS_ROOT}/Target Support Files/Pods-albumapp/Pods-albumapp-frameworks-${CONFIGURATION}-input-files.xcfilelist",
			);
			name = "[CP] Embed Pods Frameworks";
			outputFileListPaths = (
				"${PODS_ROOT}/Target Support Files/Pods-albumapp/Pods-albumapp-frameworks-${CONFIGURATION}-output-files.xcfilelist",
			);
			runOnlyForDeploymentPostprocessing = 0;
			shellPath = /bin/sh;
			shellScript = "\"${PODS_ROOT}/Target Support Files/Pods-albumapp/Pods-albumapp-frameworks.sh\"\n";
			showEnvVarsInLog = 0;
		};
		4564E4D2875243BCFE9FFEAE /* [CP] Check Pods Manifest.lock */ = {
			isa = PBXShellScriptBuildPhase;
			buildActionMask = 2147483647;
			files = (
			);
			inputFileListPaths = (
			);
			inputPaths = (
				"${PODS_PODFILE_DIR_PATH}/Podfile.lock",
				"${PODS_ROOT}/Manifest.lock",
			);
			name = "[CP] Check Pods Manifest.lock";
			outputFileListPaths = (
			);
			outputPaths = (
				"$(DERIVED_FILE_DIR)/Pods-albumapp-checkManifestLockResult.txt",
			);
			runOnlyForDeploymentPostprocessing = 0;
			shellPath = /bin/sh;
			shellScript = "diff \"${PODS_PODFILE_DIR_PATH}/Podfile.lock\" \"${PODS_ROOT}/Manifest.lock\" > /dev/null\nif [ $? != 0 ] ; then\n    # print error to STDERR\n    echo \"error: The sandbox is not in sync with the Podfile.lock. Run 'pod install' or update your CocoaPods installation.\" >&2\n    exit 1\nfi\n# This output is used by Xcode 'outputs' to avoid re-running this script phase.\necho \"SUCCESS\" > \"${SCRIPT_OUTPUT_FILE_0}\"\n";
			showEnvVarsInLog = 0;
		};
/* End PBXShellScriptBuildPhase section */

/* Begin PBXSourcesBuildPhase section */
		882614C3253F0AF3005EE460 /* Sources */ = {
			isa = PBXSourcesBuildPhase;
			buildActionMask = 2147483647;
			files = (
				88261501253F0FAE005EE460 /* CollectionViewController.swift in Sources */,
				882614CB253F0AF3005EE460 /* AppDelegate.swift in Sources */,
				88AACF8525705A9600B564D8 /* UserData.swift in Sources */,
				882614CD253F0AF3005EE460 /* SceneDelegate.swift in Sources */,
				88AACF9225705C0C00B564D8 /* DataModel.swift in Sources */,
				88A3B1D4256B00BC00DFB746 /* MenuTableViewController.swift in Sources */,
				8832B897255B4000004D3173 /* ScrollCollection.swift in Sources */,
				88004CB2253FE5E300E0E54D /* PhotosViewController.swift in Sources */,
				88AACF7D2570501F00B564D8 /* DataManaging.swift in Sources */,
				88A3B1CF256AED1D00DFB746 /* UnsplashPhotoPickerViewController.swift in Sources */,
			);
			runOnlyForDeploymentPostprocessing = 0;
		};
		882614D9253F0AF4005EE460 /* Sources */ = {
			isa = PBXSourcesBuildPhase;
			buildActionMask = 2147483647;
			files = (
				882614E2253F0AF4005EE460 /* albumappTests.swift in Sources */,
			);
			runOnlyForDeploymentPostprocessing = 0;
		};
		882614E4253F0AF4005EE460 /* Sources */ = {
			isa = PBXSourcesBuildPhase;
			buildActionMask = 2147483647;
			files = (
				882614ED253F0AF4005EE460 /* albumappUITests.swift in Sources */,
			);
			runOnlyForDeploymentPostprocessing = 0;
		};
/* End PBXSourcesBuildPhase section */

/* Begin PBXTargetDependency section */
		882614DF253F0AF4005EE460 /* PBXTargetDependency */ = {
			isa = PBXTargetDependency;
			target = 882614C6253F0AF3005EE460 /* albumapp */;
			targetProxy = 882614DE253F0AF4005EE460 /* PBXContainerItemProxy */;
		};
		882614EA253F0AF4005EE460 /* PBXTargetDependency */ = {
			isa = PBXTargetDependency;
			target = 882614C6253F0AF3005EE460 /* albumapp */;
			targetProxy = 882614E9253F0AF4005EE460 /* PBXContainerItemProxy */;
		};
/* End PBXTargetDependency section */

/* Begin PBXVariantGroup section */
		882614D0253F0AF3005EE460 /* Main.storyboard */ = {
			isa = PBXVariantGroup;
			children = (
				882614D1253F0AF3005EE460 /* Base */,
			);
			name = Main.storyboard;
			sourceTree = "<group>";
		};
		882614D5253F0AF4005EE460 /* LaunchScreen.storyboard */ = {
			isa = PBXVariantGroup;
			children = (
				882614D6253F0AF4005EE460 /* Base */,
			);
			name = LaunchScreen.storyboard;
			sourceTree = "<group>";
		};
/* End PBXVariantGroup section */

/* Begin XCBuildConfiguration section */
		882614EF253F0AF4005EE460 /* Debug */ = {
			isa = XCBuildConfiguration;
			buildSettings = {
				ALWAYS_SEARCH_USER_PATHS = NO;
				CLANG_ANALYZER_NONNULL = YES;
				CLANG_ANALYZER_NUMBER_OBJECT_CONVERSION = YES_AGGRESSIVE;
				CLANG_CXX_LANGUAGE_STANDARD = "gnu++14";
				CLANG_CXX_LIBRARY = "libc++";
				CLANG_ENABLE_MODULES = YES;
				CLANG_ENABLE_OBJC_ARC = YES;
				CLANG_ENABLE_OBJC_WEAK = YES;
				CLANG_WARN_BLOCK_CAPTURE_AUTORELEASING = YES;
				CLANG_WARN_BOOL_CONVERSION = YES;
				CLANG_WARN_COMMA = YES;
				CLANG_WARN_CONSTANT_CONVERSION = YES;
				CLANG_WARN_DEPRECATED_OBJC_IMPLEMENTATIONS = YES;
				CLANG_WARN_DIRECT_OBJC_ISA_USAGE = YES_ERROR;
				CLANG_WARN_DOCUMENTATION_COMMENTS = YES;
				CLANG_WARN_EMPTY_BODY = YES;
				CLANG_WARN_ENUM_CONVERSION = YES;
				CLANG_WARN_INFINITE_RECURSION = YES;
				CLANG_WARN_INT_CONVERSION = YES;
				CLANG_WARN_NON_LITERAL_NULL_CONVERSION = YES;
				CLANG_WARN_OBJC_IMPLICIT_RETAIN_SELF = YES;
				CLANG_WARN_OBJC_LITERAL_CONVERSION = YES;
				CLANG_WARN_OBJC_ROOT_CLASS = YES_ERROR;
				CLANG_WARN_QUOTED_INCLUDE_IN_FRAMEWORK_HEADER = YES;
				CLANG_WARN_RANGE_LOOP_ANALYSIS = YES;
				CLANG_WARN_STRICT_PROTOTYPES = YES;
				CLANG_WARN_SUSPICIOUS_MOVE = YES;
				CLANG_WARN_UNGUARDED_AVAILABILITY = YES_AGGRESSIVE;
				CLANG_WARN_UNREACHABLE_CODE = YES;
				CLANG_WARN__DUPLICATE_METHOD_MATCH = YES;
				COPY_PHASE_STRIP = NO;
				DEBUG_INFORMATION_FORMAT = dwarf;
				ENABLE_STRICT_OBJC_MSGSEND = YES;
				ENABLE_TESTABILITY = YES;
				GCC_C_LANGUAGE_STANDARD = gnu11;
				GCC_DYNAMIC_NO_PIC = NO;
				GCC_NO_COMMON_BLOCKS = YES;
				GCC_OPTIMIZATION_LEVEL = 0;
				GCC_PREPROCESSOR_DEFINITIONS = (
					"DEBUG=1",
					"$(inherited)",
				);
				GCC_WARN_64_TO_32_BIT_CONVERSION = YES;
				GCC_WARN_ABOUT_RETURN_TYPE = YES_ERROR;
				GCC_WARN_UNDECLARED_SELECTOR = YES;
				GCC_WARN_UNINITIALIZED_AUTOS = YES_AGGRESSIVE;
				GCC_WARN_UNUSED_FUNCTION = YES;
				GCC_WARN_UNUSED_VARIABLE = YES;
				IPHONEOS_DEPLOYMENT_TARGET = 14.0;
				MTL_ENABLE_DEBUG_INFO = INCLUDE_SOURCE;
				MTL_FAST_MATH = YES;
				ONLY_ACTIVE_ARCH = YES;
				SDKROOT = iphoneos;
				SWIFT_ACTIVE_COMPILATION_CONDITIONS = DEBUG;
				SWIFT_OPTIMIZATION_LEVEL = "-Onone";
			};
			name = Debug;
		};
		882614F0253F0AF4005EE460 /* Release */ = {
			isa = XCBuildConfiguration;
			buildSettings = {
				ALWAYS_SEARCH_USER_PATHS = NO;
				CLANG_ANALYZER_NONNULL = YES;
				CLANG_ANALYZER_NUMBER_OBJECT_CONVERSION = YES_AGGRESSIVE;
				CLANG_CXX_LANGUAGE_STANDARD = "gnu++14";
				CLANG_CXX_LIBRARY = "libc++";
				CLANG_ENABLE_MODULES = YES;
				CLANG_ENABLE_OBJC_ARC = YES;
				CLANG_ENABLE_OBJC_WEAK = YES;
				CLANG_WARN_BLOCK_CAPTURE_AUTORELEASING = YES;
				CLANG_WARN_BOOL_CONVERSION = YES;
				CLANG_WARN_COMMA = YES;
				CLANG_WARN_CONSTANT_CONVERSION = YES;
				CLANG_WARN_DEPRECATED_OBJC_IMPLEMENTATIONS = YES;
				CLANG_WARN_DIRECT_OBJC_ISA_USAGE = YES_ERROR;
				CLANG_WARN_DOCUMENTATION_COMMENTS = YES;
				CLANG_WARN_EMPTY_BODY = YES;
				CLANG_WARN_ENUM_CONVERSION = YES;
				CLANG_WARN_INFINITE_RECURSION = YES;
				CLANG_WARN_INT_CONVERSION = YES;
				CLANG_WARN_NON_LITERAL_NULL_CONVERSION = YES;
				CLANG_WARN_OBJC_IMPLICIT_RETAIN_SELF = YES;
				CLANG_WARN_OBJC_LITERAL_CONVERSION = YES;
				CLANG_WARN_OBJC_ROOT_CLASS = YES_ERROR;
				CLANG_WARN_QUOTED_INCLUDE_IN_FRAMEWORK_HEADER = YES;
				CLANG_WARN_RANGE_LOOP_ANALYSIS = YES;
				CLANG_WARN_STRICT_PROTOTYPES = YES;
				CLANG_WARN_SUSPICIOUS_MOVE = YES;
				CLANG_WARN_UNGUARDED_AVAILABILITY = YES_AGGRESSIVE;
				CLANG_WARN_UNREACHABLE_CODE = YES;
				CLANG_WARN__DUPLICATE_METHOD_MATCH = YES;
				COPY_PHASE_STRIP = NO;
				DEBUG_INFORMATION_FORMAT = "dwarf-with-dsym";
				ENABLE_NS_ASSERTIONS = NO;
				ENABLE_STRICT_OBJC_MSGSEND = YES;
				GCC_C_LANGUAGE_STANDARD = gnu11;
				GCC_NO_COMMON_BLOCKS = YES;
				GCC_WARN_64_TO_32_BIT_CONVERSION = YES;
				GCC_WARN_ABOUT_RETURN_TYPE = YES_ERROR;
				GCC_WARN_UNDECLARED_SELECTOR = YES;
				GCC_WARN_UNINITIALIZED_AUTOS = YES_AGGRESSIVE;
				GCC_WARN_UNUSED_FUNCTION = YES;
				GCC_WARN_UNUSED_VARIABLE = YES;
				IPHONEOS_DEPLOYMENT_TARGET = 14.0;
				MTL_ENABLE_DEBUG_INFO = NO;
				MTL_FAST_MATH = YES;
				SDKROOT = iphoneos;
				SWIFT_COMPILATION_MODE = wholemodule;
				SWIFT_OPTIMIZATION_LEVEL = "-O";
				VALIDATE_PRODUCT = YES;
			};
			name = Release;
		};
		882614F2253F0AF4005EE460 /* Debug */ = {
			isa = XCBuildConfiguration;
			baseConfigurationReference = 3E701C62C9376FF5A2E4C618 /* Pods-albumapp.debug.xcconfig */;
			buildSettings = {
				ASSETCATALOG_COMPILER_APPICON_NAME = AppIcon;
				ASSETCATALOG_COMPILER_GLOBAL_ACCENT_COLOR_NAME = AccentColor;
				CODE_SIGN_STYLE = Automatic;
				DEVELOPMENT_TEAM = "";
				INFOPLIST_FILE = albumapp/Info.plist;
				LD_RUNPATH_SEARCH_PATHS = (
					"$(inherited)",
					"@executable_path/Frameworks",
				);
				PRODUCT_BUNDLE_IDENTIFIER = com.ajapps.albumapp;
				PRODUCT_NAME = "$(TARGET_NAME)";
				SWIFT_VERSION = 5.0;
				TARGETED_DEVICE_FAMILY = "1,2";
			};
			name = Debug;
		};
		882614F3253F0AF4005EE460 /* Release */ = {
			isa = XCBuildConfiguration;
			baseConfigurationReference = 8CAD761DF636BB754A0AD92B /* Pods-albumapp.release.xcconfig */;
			buildSettings = {
				ASSETCATALOG_COMPILER_APPICON_NAME = AppIcon;
				ASSETCATALOG_COMPILER_GLOBAL_ACCENT_COLOR_NAME = AccentColor;
				CODE_SIGN_STYLE = Automatic;
				DEVELOPMENT_TEAM = "";
				INFOPLIST_FILE = albumapp/Info.plist;
				LD_RUNPATH_SEARCH_PATHS = (
					"$(inherited)",
					"@executable_path/Frameworks",
				);
				PRODUCT_BUNDLE_IDENTIFIER = com.ajapps.albumapp;
				PRODUCT_NAME = "$(TARGET_NAME)";
				SWIFT_VERSION = 5.0;
				TARGETED_DEVICE_FAMILY = "1,2";
			};
			name = Release;
		};
		882614F5253F0AF4005EE460 /* Debug */ = {
			isa = XCBuildConfiguration;
			buildSettings = {
				ALWAYS_EMBED_SWIFT_STANDARD_LIBRARIES = YES;
				BUNDLE_LOADER = "$(TEST_HOST)";
				CODE_SIGN_STYLE = Automatic;
				INFOPLIST_FILE = albumappTests/Info.plist;
				IPHONEOS_DEPLOYMENT_TARGET = 14.0;
				LD_RUNPATH_SEARCH_PATHS = (
					"$(inherited)",
					"@executable_path/Frameworks",
					"@loader_path/Frameworks",
				);
				PRODUCT_BUNDLE_IDENTIFIER = com.ajapps.albumappTests;
				PRODUCT_NAME = "$(TARGET_NAME)";
				SWIFT_VERSION = 5.0;
				TARGETED_DEVICE_FAMILY = "1,2";
				TEST_HOST = "$(BUILT_PRODUCTS_DIR)/albumapp.app/albumapp";
			};
			name = Debug;
		};
		882614F6253F0AF4005EE460 /* Release */ = {
			isa = XCBuildConfiguration;
			buildSettings = {
				ALWAYS_EMBED_SWIFT_STANDARD_LIBRARIES = YES;
				BUNDLE_LOADER = "$(TEST_HOST)";
				CODE_SIGN_STYLE = Automatic;
				INFOPLIST_FILE = albumappTests/Info.plist;
				IPHONEOS_DEPLOYMENT_TARGET = 14.0;
				LD_RUNPATH_SEARCH_PATHS = (
					"$(inherited)",
					"@executable_path/Frameworks",
					"@loader_path/Frameworks",
				);
				PRODUCT_BUNDLE_IDENTIFIER = com.ajapps.albumappTests;
				PRODUCT_NAME = "$(TARGET_NAME)";
				SWIFT_VERSION = 5.0;
				TARGETED_DEVICE_FAMILY = "1,2";
				TEST_HOST = "$(BUILT_PRODUCTS_DIR)/albumapp.app/albumapp";
			};
			name = Release;
		};
		882614F8253F0AF4005EE460 /* Debug */ = {
			isa = XCBuildConfiguration;
			buildSettings = {
				ALWAYS_EMBED_SWIFT_STANDARD_LIBRARIES = YES;
				CODE_SIGN_STYLE = Automatic;
				INFOPLIST_FILE = albumappUITests/Info.plist;
				LD_RUNPATH_SEARCH_PATHS = (
					"$(inherited)",
					"@executable_path/Frameworks",
					"@loader_path/Frameworks",
				);
				PRODUCT_BUNDLE_IDENTIFIER = com.ajapps.albumappUITests;
				PRODUCT_NAME = "$(TARGET_NAME)";
				SWIFT_VERSION = 5.0;
				TARGETED_DEVICE_FAMILY = "1,2";
				TEST_TARGET_NAME = albumapp;
			};
			name = Debug;
		};
		882614F9253F0AF4005EE460 /* Release */ = {
			isa = XCBuildConfiguration;
			buildSettings = {
				ALWAYS_EMBED_SWIFT_STANDARD_LIBRARIES = YES;
				CODE_SIGN_STYLE = Automatic;
				INFOPLIST_FILE = albumappUITests/Info.plist;
				LD_RUNPATH_SEARCH_PATHS = (
					"$(inherited)",
					"@executable_path/Frameworks",
					"@loader_path/Frameworks",
				);
				PRODUCT_BUNDLE_IDENTIFIER = com.ajapps.albumappUITests;
				PRODUCT_NAME = "$(TARGET_NAME)";
				SWIFT_VERSION = 5.0;
				TARGETED_DEVICE_FAMILY = "1,2";
				TEST_TARGET_NAME = albumapp;
			};
			name = Release;
		};
/* End XCBuildConfiguration section */

/* Begin XCConfigurationList section */
		882614C2253F0AF3005EE460 /* Build configuration list for PBXProject "albumapp" */ = {
			isa = XCConfigurationList;
			buildConfigurations = (
				882614EF253F0AF4005EE460 /* Debug */,
				882614F0253F0AF4005EE460 /* Release */,
			);
			defaultConfigurationIsVisible = 0;
			defaultConfigurationName = Release;
		};
		882614F1253F0AF4005EE460 /* Build configuration list for PBXNativeTarget "albumapp" */ = {
			isa = XCConfigurationList;
			buildConfigurations = (
				882614F2253F0AF4005EE460 /* Debug */,
				882614F3253F0AF4005EE460 /* Release */,
			);
			defaultConfigurationIsVisible = 0;
			defaultConfigurationName = Release;
		};
		882614F4253F0AF4005EE460 /* Build configuration list for PBXNativeTarget "albumappTests" */ = {
			isa = XCConfigurationList;
			buildConfigurations = (
				882614F5253F0AF4005EE460 /* Debug */,
				882614F6253F0AF4005EE460 /* Release */,
			);
			defaultConfigurationIsVisible = 0;
			defaultConfigurationName = Release;
		};
		882614F7253F0AF4005EE460 /* Build configuration list for PBXNativeTarget "albumappUITests" */ = {
			isa = XCConfigurationList;
			buildConfigurations = (
				882614F8253F0AF4005EE460 /* Debug */,
				882614F9253F0AF4005EE460 /* Release */,
			);
			defaultConfigurationIsVisible = 0;
			defaultConfigurationName = Release;
		};
/* End XCConfigurationList section */
	};
	rootObject = 882614BF253F0AF3005EE460 /* Project object */;
}
